
Microsoft Visual Studio Solution File, Format Version 12.00
# Visual Studio Version 17
VisualStudioVersion = 17.13.35825.156 d17.13
MinimumVisualStudioVersion = 10.0.40219.1
Project("{8BC9CEB8-8B4A-11D0-8D11-00A0C91BC942}") = "data_structure_week13", "data_structure_week13.vcxproj", "{5C965788-B832-45C8-A3D5-8B2CDC3C2A07}"
EndProject
Global
	GlobalSection(SolutionConfigurationPlatforms) = preSolution
		Debug|x64 = Debug|x64
		Debug|x86 = Debug|x86
		Release|x64 = Release|x64
		Release|x86 = Release|x86
	EndGlobalSection
	GlobalSection(ProjectConfigurationPlatforms) = postSolution
		{5C965788-B832-45C8-A3D5-8B2CDC3C2A07}.Debug|x64.ActiveCfg = Debug|x64
		{5C965788-B832-45C8-A3D5-8B2CDC3C2A07}.Debug|x64.Build.0 = Debug|x64
		{5C965788-B832-45C8-A3D5-8B2CDC3C2A07}.Debug|x86.ActiveCfg = Debug|Win32
		{5C965788-B832-45C8-A3D5-8B2CDC3C2A07}.Debug|x86.Build.0 = Debug|Win32
		{5C965788-B832-45C8-A3D5-8B2CDC3C2A07}.Release|x64.ActiveCfg = Release|x64
		{5C965788-B832-45C8-A3D5-8B2CDC3C2A07}.Release|x64.Build.0 = Release|x64
		{5C965788-B832-45C8-A3D5-8B2CDC3C2A07}.Release|x86.ActiveCfg = Release|Win32
		{5C965788-B832-45C8-A3D5-8B2CDC3C2A07}.Release|x86.Build.0 = Release|Win32
	EndGlobalSection
	GlobalSection(SolutionProperties) = preSolution
		HideSolutionNode = FALSE
	EndGlobalSection
	GlobalSection(ExtensibilityGlobals) = postSolution
		SolutionGuid = {32A4DB50-416E-4FE9-B770-10BF5D030BE5}
	EndGlobalSection
EndGlobal
